
Microsoft Visual Studio Solution File, Format Version 12.00
# Visual Studio Version 17
VisualStudioVersion = 17.11.35208.52
MinimumVisualStudioVersion = 10.0.40219.1
Project("{FAE04EC0-301F-11D3-BF4B-00C04F79EFBC}") = "Evaluacion", "Evaluacion\Evaluacion.csproj", "{5079D9D4-DE47-40F9-A6E4-FB2218EAFE2B}"
EndProject
Global
	GlobalSection(SolutionConfigurationPlatforms) = preSolution
		Debug|Any CPU = Debug|Any CPU
		Release|Any CPU = Release|Any CPU
	EndGlobalSection
	GlobalSection(ProjectConfigurationPlatforms) = postSolution
		{5079D9D4-DE47-40F9-A6E4-FB2218EAFE2B}.Debug|Any CPU.ActiveCfg = Debug|Any CPU
		{5079D9D4-DE47-40F9-A6E4-FB2218EAFE2B}.Debug|Any CPU.Build.0 = Debug|Any CPU
		{5079D9D4-DE47-40F9-A6E4-FB2218EAFE2B}.Release|Any CPU.ActiveCfg = Release|Any CPU
		{5079D9D4-DE47-40F9-A6E4-FB2218EAFE2B}.Release|Any CPU.Build.0 = Release|Any CPU
	EndGlobalSection
	GlobalSection(SolutionProperties) = preSolution
		HideSolutionNode = FALSE
	EndGlobalSection
	GlobalSection(ExtensibilityGlobals) = postSolution
		SolutionGuid = {7A442270-6B7B-4404-B7AC-F00A3F6D4182}
	EndGlobalSection
EndGlobal
